
Microsoft Visual Studio Solution File, Format Version 12.00
# Visual Studio Version 17
VisualStudioVersion = 17.2.32526.322
MinimumVisualStudioVersion = 10.0.40219.1
Project("{FAE04EC0-301F-11D3-BF4B-00C04F79EFBC}") = "BindToObservable", "BindToObservable\BindToObservable.csproj", "{C119BD5D-BF8D-4DB2-8DDD-A515838CBD01}"
EndProject
Global
	GlobalSection(SolutionConfigurationPlatforms) = preSolution
		Debug|Any CPU = Debug|Any CPU
		Release|Any CPU = Release|Any CPU
	EndGlobalSection
	GlobalSection(ProjectConfigurationPlatforms) = postSolution
		{C119BD5D-BF8D-4DB2-8DDD-A515838CBD01}.Debug|Any CPU.ActiveCfg = Debug|Any CPU
		{C119BD5D-BF8D-4DB2-8DDD-A515838CBD01}.Debug|Any CPU.Build.0 = Debug|Any CPU
		{C119BD5D-BF8D-4DB2-8DDD-A515838CBD01}.Release|Any CPU.ActiveCfg = Release|Any CPU
		{C119BD5D-BF8D-4DB2-8DDD-A515838CBD01}.Release|Any CPU.Build.0 = Release|Any CPU
	EndGlobalSection
	GlobalSection(SolutionProperties) = preSolution
		HideSolutionNode = FALSE
	EndGlobalSection
	GlobalSection(ExtensibilityGlobals) = postSolution
		SolutionGuid = {0A8E6205-3732-4EC4-BC33-2BDE6E572701}
	EndGlobalSection
EndGlobal
